
Microsoft Visual Studio Solution File, Format Version 12.00
# Visual Studio Version 16
VisualStudioVersion = 16.0.29806.167
MinimumVisualStudioVersion = 10.0.40219.1
Project("{FAE04EC0-301F-11D3-BF4B-00C04F79EFBC}") = "PathFinder", "PathFinder.csproj", "{23C33F4E-966C-4F0C-9503-703B571D6C40}"
EndProject
Project("{2150E333-8FDC-42A3-9474-1A3956D46DE8}") = "Solution Items", "Solution Items", "{554CC914-2185-4C30-8E3A-B5FBA9C9EEE3}"
EndProject
Global
	GlobalSection(SolutionConfigurationPlatforms) = preSolution
		Debug|Any CPU = Debug|Any CPU
		Release|Any CPU = Release|Any CPU
	EndGlobalSection
	GlobalSection(ProjectConfigurationPlatforms) = postSolution
		{23C33F4E-966C-4F0C-9503-703B571D6C40}.Debug|Any CPU.ActiveCfg = Debug|Any CPU
		{23C33F4E-966C-4F0C-9503-703B571D6C40}.Debug|Any CPU.Build.0 = Debug|Any CPU
		{23C33F4E-966C-4F0C-9503-703B571D6C40}.Release|Any CPU.ActiveCfg = Release|Any CPU
		{23C33F4E-966C-4F0C-9503-703B571D6C40}.Release|Any CPU.Build.0 = Release|Any CPU
	EndGlobalSection
	GlobalSection(SolutionProperties) = preSolution
		HideSolutionNode = FALSE
	EndGlobalSection
	GlobalSection(ExtensibilityGlobals) = postSolution
		SolutionGuid = {B95CBD26-97C1-4670-AA78-7EA7D1F839F1}
	EndGlobalSection
EndGlobal
